
Microsoft Visual Studio Solution File, Format Version 12.00
# Visual Studio 15
VisualStudioVersion = 15.0.28307.2092
MinimumVisualStudioVersion = 10.0.40219.1
Project("{8BC9CEB8-8B4A-11D0-8D11-00A0C91BC942}") = "HW1 2.27", "HW1 2.27\HW1 2.27.vcxproj", "{61CB709F-FFFD-4FD6-AC78-E4AB0280FF43}"
EndProject
Global
	GlobalSection(SolutionConfigurationPlatforms) = preSolution
		Debug|x64 = Debug|x64
		Debug|x86 = Debug|x86
		Release|x64 = Release|x64
		Release|x86 = Release|x86
	EndGlobalSection
	GlobalSection(ProjectConfigurationPlatforms) = postSolution
		{61CB709F-FFFD-4FD6-AC78-E4AB0280FF43}.Debug|x64.ActiveCfg = Debug|x64
		{61CB709F-FFFD-4FD6-AC78-E4AB0280FF43}.Debug|x64.Build.0 = Debug|x64
		{61CB709F-FFFD-4FD6-AC78-E4AB0280FF43}.Debug|x86.ActiveCfg = Debug|Win32
		{61CB709F-FFFD-4FD6-AC78-E4AB0280FF43}.Debug|x86.Build.0 = Debug|Win32
		{61CB709F-FFFD-4FD6-AC78-E4AB0280FF43}.Release|x64.ActiveCfg = Release|x64
		{61CB709F-FFFD-4FD6-AC78-E4AB0280FF43}.Release|x64.Build.0 = Release|x64
		{61CB709F-FFFD-4FD6-AC78-E4AB0280FF43}.Release|x86.ActiveCfg = Release|Win32
		{61CB709F-FFFD-4FD6-AC78-E4AB0280FF43}.Release|x86.Build.0 = Release|Win32
	EndGlobalSection
	GlobalSection(SolutionProperties) = preSolution
		HideSolutionNode = FALSE
	EndGlobalSection
	GlobalSection(ExtensibilityGlobals) = postSolution
		SolutionGuid = {8C7B9836-E02A-442D-B413-26C94A41A5CE}
	EndGlobalSection
EndGlobal
